
Microsoft Visual Studio Solution File, Format Version 12.00
# Visual Studio Version 17
VisualStudioVersion = 17.7.34024.191
MinimumVisualStudioVersion = 10.0.40219.1
Project("{888888A0-9F3D-457C-B088-3A5042F75D52}") = "task-4.2", "task-4.2\task-4.2.pyproj", "{033ACC67-8C3C-42E6-BAF9-F4C6E6D72C7C}"
EndProject
Global
	GlobalSection(SolutionConfigurationPlatforms) = preSolution
		Debug|Any CPU = Debug|Any CPU
		Release|Any CPU = Release|Any CPU
	EndGlobalSection
	GlobalSection(ProjectConfigurationPlatforms) = postSolution
		{033ACC67-8C3C-42E6-BAF9-F4C6E6D72C7C}.Debug|Any CPU.ActiveCfg = Debug|Any CPU
		{033ACC67-8C3C-42E6-BAF9-F4C6E6D72C7C}.Release|Any CPU.ActiveCfg = Release|Any CPU
	EndGlobalSection
	GlobalSection(SolutionProperties) = preSolution
		HideSolutionNode = FALSE
	EndGlobalSection
	GlobalSection(ExtensibilityGlobals) = postSolution
		SolutionGuid = {A61C0D91-D443-42D9-8C3A-DA455B3DD98E}
	EndGlobalSection
EndGlobal
